
Microsoft Visual Studio Solution File, Format Version 12.00
# Visual Studio Version 16
VisualStudioVersion = 16.0.30804.86
MinimumVisualStudioVersion = 10.0.40219.1
Project("{9092AA53-FB77-4645-B42D-1CCCA6BD08BD}") = "DnD tracker", "DnD tracker\DnD tracker.njsproj", "{7BB24B76-C44A-491B-BE05-3D0CF30219AB}"
EndProject
Global
	GlobalSection(SolutionConfigurationPlatforms) = preSolution
		Debug|Any CPU = Debug|Any CPU
		Release|Any CPU = Release|Any CPU
	EndGlobalSection
	GlobalSection(ProjectConfigurationPlatforms) = postSolution
		{7BB24B76-C44A-491B-BE05-3D0CF30219AB}.Debug|Any CPU.ActiveCfg = Debug|Any CPU
		{7BB24B76-C44A-491B-BE05-3D0CF30219AB}.Debug|Any CPU.Build.0 = Debug|Any CPU
		{7BB24B76-C44A-491B-BE05-3D0CF30219AB}.Release|Any CPU.ActiveCfg = Release|Any CPU
		{7BB24B76-C44A-491B-BE05-3D0CF30219AB}.Release|Any CPU.Build.0 = Release|Any CPU
	EndGlobalSection
	GlobalSection(SolutionProperties) = preSolution
		HideSolutionNode = FALSE
	EndGlobalSection
	GlobalSection(ExtensibilityGlobals) = postSolution
		SolutionGuid = {5781ED08-361F-480A-9640-CC2E4C1FFE62}
	EndGlobalSection
EndGlobal
